
Microsoft Visual Studio Solution File, Format Version 12.00
# Visual Studio Version 17
VisualStudioVersion = 17.10.34928.147
MinimumVisualStudioVersion = 10.0.40219.1
Project("{FAE04EC0-301F-11D3-BF4B-00C04F79EFBC}") = "BankAppApi", "BankAppApi\BankAppApi.csproj", "{B1E44845-7EB3-4A9B-A8B5-820117FF62E7}"
EndProject
Project("{FAE04EC0-301F-11D3-BF4B-00C04F79EFBC}") = "BankAppUI", "BankAppUI\BankAppUI.csproj", "{BF55C1A7-9CAB-4992-B238-DA3358227C1D}"
EndProject
Global
	GlobalSection(SolutionConfigurationPlatforms) = preSolution
		Debug|Any CPU = Debug|Any CPU
		Release|Any CPU = Release|Any CPU
	EndGlobalSection
	GlobalSection(ProjectConfigurationPlatforms) = postSolution
		{B1E44845-7EB3-4A9B-A8B5-820117FF62E7}.Debug|Any CPU.ActiveCfg = Debug|Any CPU
		{B1E44845-7EB3-4A9B-A8B5-820117FF62E7}.Debug|Any CPU.Build.0 = Debug|Any CPU
		{B1E44845-7EB3-4A9B-A8B5-820117FF62E7}.Release|Any CPU.ActiveCfg = Release|Any CPU
		{B1E44845-7EB3-4A9B-A8B5-820117FF62E7}.Release|Any CPU.Build.0 = Release|Any CPU
		{BF55C1A7-9CAB-4992-B238-DA3358227C1D}.Debug|Any CPU.ActiveCfg = Debug|Any CPU
		{BF55C1A7-9CAB-4992-B238-DA3358227C1D}.Debug|Any CPU.Build.0 = Debug|Any CPU
		{BF55C1A7-9CAB-4992-B238-DA3358227C1D}.Release|Any CPU.ActiveCfg = Release|Any CPU
		{BF55C1A7-9CAB-4992-B238-DA3358227C1D}.Release|Any CPU.Build.0 = Release|Any CPU
	EndGlobalSection
	GlobalSection(SolutionProperties) = preSolution
		HideSolutionNode = FALSE
	EndGlobalSection
	GlobalSection(ExtensibilityGlobals) = postSolution
		SolutionGuid = {F6FA84A7-31F4-4423-9525-71CE8DB1449A}
	EndGlobalSection
EndGlobal
